// !$*UTF8*$!
{
	archiveVersion = 1;
	classes = {
	};
	objectVersion = 46;
	objects = {

/* Begin PBXBuildFile section */
		0D1A05EC1C818EF6008E5F1C /* ScribbleManager.m in Sources */ = {isa = PBXBuildFile; fileRef = 0D1A05EB1C818EF6008E5F1C /* ScribbleManager.m */; };
		0D1A05EF1C818F1B008E5F1C /* ScribbleMemento.m in Sources */ = {isa = PBXBuildFile; fileRef = 0D1A05EE1C818F1B008E5F1C /* ScribbleMemento.m */; };
		0D1A05F41C82917C008E5F1C /* UIView+UIImage.m in Sources */ = {isa = PBXBuildFile; fileRef = 0D1A05F31C82917C008E5F1C /* UIView+UIImage.m */; };
		0D1A06011C82E90D008E5F1C /* ThumbnailViewController.m in Sources */ = {isa = PBXBuildFile; fileRef = 0D1A05FF1C82E90D008E5F1C /* ThumbnailViewController.m */; };
		0D1A06021C82E90D008E5F1C /* ThumbnailViewController.xib in Resources */ = {isa = PBXBuildFile; fileRef = 0D1A06001C82E90D008E5F1C /* ThumbnailViewController.xib */; };
		0D1A06091C82EC55008E5F1C /* ScribbleThumbnailCell.m in Sources */ = {isa = PBXBuildFile; fileRef = 0D1A06081C82EC55008E5F1C /* ScribbleThumbnailCell.m */; };
		E64727011C804A810022FB3D /* CommandBarButton.m in Sources */ = {isa = PBXBuildFile; fileRef = E64727001C804A810022FB3D /* CommandBarButton.m */; };
		E64727051C804B070022FB3D /* SaveScribbleCommand.m in Sources */ = {isa = PBXBuildFile; fileRef = E64727041C804B070022FB3D /* SaveScribbleCommand.m */; };
		E64727081C804B140022FB3D /* DeleteScribbleCommand.m in Sources */ = {isa = PBXBuildFile; fileRef = E64727071C804B140022FB3D /* DeleteScribbleCommand.m */; };
		E68461E91C7DAEFF0028B2CF /* main.m in Sources */ = {isa = PBXBuildFile; fileRef = E68461E81C7DAEFF0028B2CF /* main.m */; };
		E68461EC1C7DAEFF0028B2CF /* AppDelegate.m in Sources */ = {isa = PBXBuildFile; fileRef = E68461EB1C7DAEFF0028B2CF /* AppDelegate.m */; };
		E68461F21C7DAEFF0028B2CF /* Main.storyboard in Resources */ = {isa = PBXBuildFile; fileRef = E68461F01C7DAEFF0028B2CF /* Main.storyboard */; };
		E68461F41C7DAEFF0028B2CF /* Assets.xcassets in Resources */ = {isa = PBXBuildFile; fileRef = E68461F31C7DAEFF0028B2CF /* Assets.xcassets */; };
		E68461F71C7DAEFF0028B2CF /* LaunchScreen.storyboard in Resources */ = {isa = PBXBuildFile; fileRef = E68461F51C7DAEFF0028B2CF /* LaunchScreen.storyboard */; };
		E68462021C7DAEFF0028B2CF /* TouchPainterOCTests.m in Sources */ = {isa = PBXBuildFile; fileRef = E68462011C7DAEFF0028B2CF /* TouchPainterOCTests.m */; };
		E684620D1C7DAEFF0028B2CF /* TouchPainterOCUITests.m in Sources */ = {isa = PBXBuildFile; fileRef = E684620C1C7DAEFF0028B2CF /* TouchPainterOCUITests.m */; };
		E684621C1C7DAFCD0028B2CF /* Scribble.m in Sources */ = {isa = PBXBuildFile; fileRef = E684621B1C7DAFCD0028B2CF /* Scribble.m */; };
		E68462201C7DAFE40028B2CF /* CanvasViewController.m in Sources */ = {isa = PBXBuildFile; fileRef = E684621E1C7DAFE40028B2CF /* CanvasViewController.m */; };
		E68462211C7DAFE40028B2CF /* CanvasViewController.xib in Resources */ = {isa = PBXBuildFile; fileRef = E684621F1C7DAFE40028B2CF /* CanvasViewController.xib */; };
		E68462251C7DB0080028B2CF /* PaletteViewController.m in Sources */ = {isa = PBXBuildFile; fileRef = E68462231C7DB0080028B2CF /* PaletteViewController.m */; };
		E68462261C7DB0080028B2CF /* PaletteViewController.xib in Resources */ = {isa = PBXBuildFile; fileRef = E68462241C7DB0080028B2CF /* PaletteViewController.xib */; };
		E684622A1C7DB1560028B2CF /* CoordinatingViewController.m in Sources */ = {isa = PBXBuildFile; fileRef = E68462291C7DB1560028B2CF /* CoordinatingViewController.m */; };
		E6888EDD1C8432D6007B4A88 /* ScribbleThumbnailViewImageProxy.m in Sources */ = {isa = PBXBuildFile; fileRef = E6888EDC1C8432D6007B4A88 /* ScribbleThumbnailViewImageProxy.m */; };
		E6888EE01C844B84007B4A88 /* ScribbleThumbnailView.m in Sources */ = {isa = PBXBuildFile; fileRef = E6888EDF1C844B84007B4A88 /* ScribbleThumbnailView.m */; };
		E6888EE31C844CEC007B4A88 /* OpenScribbleCommand.m in Sources */ = {isa = PBXBuildFile; fileRef = E6888EE21C844CEC007B4A88 /* OpenScribbleCommand.m */; };
		E6FEA4261C7EC7D5007F4F03 /* CanvasViewGenerator.m in Sources */ = {isa = PBXBuildFile; fileRef = E6FEA4251C7EC7D5007F4F03 /* CanvasViewGenerator.m */; };
		E6FEA4291C7EC803007F4F03 /* CanvasView.m in Sources */ = {isa = PBXBuildFile; fileRef = E6FEA4281C7EC803007F4F03 /* CanvasView.m */; };
		E6FEA42F1C7ED4C9007F4F03 /* CommandSlider.m in Sources */ = {isa = PBXBuildFile; fileRef = E6FEA42E1C7ED4C9007F4F03 /* CommandSlider.m */; };
		E6FEA4321C7ED75F007F4F03 /* Command.m in Sources */ = {isa = PBXBuildFile; fileRef = E6FEA4311C7ED75F007F4F03 /* Command.m */; };
		E6FEA4351C7ED89A007F4F03 /* SetStrokeColorCommand.m in Sources */ = {isa = PBXBuildFile; fileRef = E6FEA4341C7ED89A007F4F03 /* SetStrokeColorCommand.m */; };
		E6FEA4391C7EE7AD007F4F03 /* SetStrokeSizeCommand.m in Sources */ = {isa = PBXBuildFile; fileRef = E6FEA4381C7EE7AD007F4F03 /* SetStrokeSizeCommand.m */; };
		E6FEA43E1C7EF0F8007F4F03 /* Dot.m in Sources */ = {isa = PBXBuildFile; fileRef = E6FEA43D1C7EF0F8007F4F03 /* Dot.m */; };
		E6FEA4411C7EF103007F4F03 /* Vertex.m in Sources */ = {isa = PBXBuildFile; fileRef = E6FEA4401C7EF103007F4F03 /* Vertex.m */; };
		E6FEA4441C7EF11E007F4F03 /* Stroke.m in Sources */ = {isa = PBXBuildFile; fileRef = E6FEA4431C7EF11E007F4F03 /* Stroke.m */; };
		E6FEA4491C7F01FD007F4F03 /* MarkRenderer.m in Sources */ = {isa = PBXBuildFile; fileRef = E6FEA4481C7F01FD007F4F03 /* MarkRenderer.m */; };
/* End PBXBuildFile section */

/* Begin PBXContainerItemProxy section */
		E68461FE1C7DAEFF0028B2CF /* PBXContainerItemProxy */ = {
			isa = PBXContainerItemProxy;
			containerPortal = E68461DC1C7DAEFF0028B2CF /* Project object */;
			proxyType = 1;
			remoteGlobalIDString = E68461E31C7DAEFF0028B2CF;
			remoteInfo = TouchPainterOC;
		};
		E68462091C7DAEFF0028B2CF /* PBXContainerItemProxy */ = {
			isa = PBXContainerItemProxy;
			containerPortal = E68461DC1C7DAEFF0028B2CF /* Project object */;
			proxyType = 1;
			remoteGlobalIDString = E68461E31C7DAEFF0028B2CF;
			remoteInfo = TouchPainterOC;
		};
/* End PBXContainerItemProxy section */

/* Begin PBXFileReference section */
		0D1A05EA1C818EF6008E5F1C /* ScribbleManager.h */ = {isa = PBXFileReference; fileEncoding = 4; lastKnownFileType = sourcecode.c.h; path = ScribbleManager.h; sourceTree = "<group>"; };
		0D1A05EB1C818EF6008E5F1C /* ScribbleManager.m */ = {isa = PBXFileReference; fileEncoding = 4; lastKnownFileType = sourcecode.c.objc; path = ScribbleManager.m; sourceTree = "<group>"; };
		0D1A05ED1C818F1B008E5F1C /* ScribbleMemento.h */ = {isa = PBXFileReference; fileEncoding = 4; lastKnownFileType = sourcecode.c.h; path = ScribbleMemento.h; sourceTree = "<group>"; };
		0D1A05EE1C818F1B008E5F1C /* ScribbleMemento.m */ = {isa = PBXFileReference; fileEncoding = 4; lastKnownFileType = sourcecode.c.objc; path = ScribbleMemento.m; sourceTree = "<group>"; };
		0D1A05F21C82917C008E5F1C /* UIView+UIImage.h */ = {isa = PBXFileReference; fileEncoding = 4; lastKnownFileType = sourcecode.c.h; path = "UIView+UIImage.h"; sourceTree = "<group>"; };
		0D1A05F31C82917C008E5F1C /* UIView+UIImage.m */ = {isa = PBXFileReference; fileEncoding = 4; lastKnownFileType = sourcecode.c.objc; path = "UIView+UIImage.m"; sourceTree = "<group>"; };
		0D1A05FE1C82E90D008E5F1C /* ThumbnailViewController.h */ = {isa = PBXFileReference; fileEncoding = 4; lastKnownFileType = sourcecode.c.h; path = ThumbnailViewController.h; sourceTree = "<group>"; };
		0D1A05FF1C82E90D008E5F1C /* ThumbnailViewController.m */ = {isa = PBXFileReference; fileEncoding = 4; lastKnownFileType = sourcecode.c.objc; path = ThumbnailViewController.m; sourceTree = "<group>"; };
		0D1A06001C82E90D008E5F1C /* ThumbnailViewController.xib */ = {isa = PBXFileReference; fileEncoding = 4; lastKnownFileType = file.xib; path = ThumbnailViewController.xib; sourceTree = "<group>"; };
		0D1A06071C82EC55008E5F1C /* ScribbleThumbnailCell.h */ = {isa = PBXFileReference; fileEncoding = 4; lastKnownFileType = sourcecode.c.h; path = ScribbleThumbnailCell.h; sourceTree = "<group>"; };
		0D1A06081C82EC55008E5F1C /* ScribbleThumbnailCell.m */ = {isa = PBXFileReference; fileEncoding = 4; lastKnownFileType = sourcecode.c.objc; path = ScribbleThumbnailCell.m; sourceTree = "<group>"; };
		E64726FF1C804A810022FB3D /* CommandBarButton.h */ = {isa = PBXFileReference; fileEncoding = 4; lastKnownFileType = sourcecode.c.h; path = CommandBarButton.h; sourceTree = "<group>"; };
		E64727001C804A810022FB3D /* CommandBarButton.m */ = {isa = PBXFileReference; fileEncoding = 4; lastKnownFileType = sourcecode.c.objc; path = CommandBarButton.m; sourceTree = "<group>"; };
		E64727031C804B070022FB3D /* SaveScribbleCommand.h */ = {isa = PBXFileReference; fileEncoding = 4; lastKnownFileType = sourcecode.c.h; path = SaveScribbleCommand.h; sourceTree = "<group>"; };
		E64727041C804B070022FB3D /* SaveScribbleCommand.m */ = {isa = PBXFileReference; fileEncoding = 4; lastKnownFileType = sourcecode.c.objc; path = SaveScribbleCommand.m; sourceTree = "<group>"; };
		E64727061C804B140022FB3D /* DeleteScribbleCommand.h */ = {isa = PBXFileReference; fileEncoding = 4; lastKnownFileType = sourcecode.c.h; path = DeleteScribbleCommand.h; sourceTree = "<group>"; };
		E64727071C804B140022FB3D /* DeleteScribbleCommand.m */ = {isa = PBXFileReference; fileEncoding = 4; lastKnownFileType = sourcecode.c.objc; path = DeleteScribbleCommand.m; sourceTree = "<group>"; };
		E68461E41C7DAEFF0028B2CF /* TouchPainterOC.app */ = {isa = PBXFileReference; explicitFileType = wrapper.application; includeInIndex = 0; path = TouchPainterOC.app; sourceTree = BUILT_PRODUCTS_DIR; };
		E68461E81C7DAEFF0028B2CF /* main.m */ = {isa = PBXFileReference; lastKnownFileType = sourcecode.c.objc; path = main.m; sourceTree = "<group>"; };
		E68461EA1C7DAEFF0028B2CF /* AppDelegate.h */ = {isa = PBXFileReference; lastKnownFileType = sourcecode.c.h; path = AppDelegate.h; sourceTree = "<group>"; };
		E68461EB1C7DAEFF0028B2CF /* AppDelegate.m */ = {isa = PBXFileReference; lastKnownFileType = sourcecode.c.objc; path = AppDelegate.m; sourceTree = "<group>"; };
		E68461F11C7DAEFF0028B2CF /* Base */ = {isa = PBXFileReference; lastKnownFileType = file.storyboard; name = Base; path = Base.lproj/Main.storyboard; sourceTree = "<group>"; };
		E68461F31C7DAEFF0028B2CF /* Assets.xcassets */ = {isa = PBXFileReference; lastKnownFileType = folder.assetcatalog; path = Assets.xcassets; sourceTree = "<group>"; };
		E68461F61C7DAEFF0028B2CF /* Base */ = {isa = PBXFileReference; lastKnownFileType = file.storyboard; name = Base; path = Base.lproj/LaunchScreen.storyboard; sourceTree = "<group>"; };
		E68461F81C7DAEFF0028B2CF /* Info.plist */ = {isa = PBXFileReference; lastKnownFileType = text.plist.xml; path = Info.plist; sourceTree = "<group>"; };
		E68461FD1C7DAEFF0028B2CF /* TouchPainterOCTests.xctest */ = {isa = PBXFileReference; explicitFileType = wrapper.cfbundle; includeInIndex = 0; path = TouchPainterOCTests.xctest; sourceTree = BUILT_PRODUCTS_DIR; };
		E68462011C7DAEFF0028B2CF /* TouchPainterOCTests.m */ = {isa = PBXFileReference; lastKnownFileType = sourcecode.c.objc; path = TouchPainterOCTests.m; sourceTree = "<group>"; };
		E68462031C7DAEFF0028B2CF /* Info.plist */ = {isa = PBXFileReference; lastKnownFileType = text.plist.xml; path = Info.plist; sourceTree = "<group>"; };
		E68462081C7DAEFF0028B2CF /* TouchPainterOCUITests.xctest */ = {isa = PBXFileReference; explicitFileType = wrapper.cfbundle; includeInIndex = 0; path = TouchPainterOCUITests.xctest; sourceTree = BUILT_PRODUCTS_DIR; };
		E684620C1C7DAEFF0028B2CF /* TouchPainterOCUITests.m */ = {isa = PBXFileReference; lastKnownFileType = sourcecode.c.objc; path = TouchPainterOCUITests.m; sourceTree = "<group>"; };
		E684620E1C7DAEFF0028B2CF /* Info.plist */ = {isa = PBXFileReference; lastKnownFileType = text.plist.xml; path = Info.plist; sourceTree = "<group>"; };
		E684621A1C7DAFCD0028B2CF /* Scribble.h */ = {isa = PBXFileReference; fileEncoding = 4; lastKnownFileType = sourcecode.c.h; path = Scribble.h; sourceTree = "<group>"; };
		E684621B1C7DAFCD0028B2CF /* Scribble.m */ = {isa = PBXFileReference; fileEncoding = 4; lastKnownFileType = sourcecode.c.objc; path = Scribble.m; sourceTree = "<group>"; };
		E684621D1C7DAFE40028B2CF /* CanvasViewController.h */ = {isa = PBXFileReference; fileEncoding = 4; lastKnownFileType = sourcecode.c.h; path = CanvasViewController.h; sourceTree = "<group>"; };
		E684621E1C7DAFE40028B2CF /* CanvasViewController.m */ = {isa = PBXFileReference; fileEncoding = 4; lastKnownFileType = sourcecode.c.objc; path = CanvasViewController.m; sourceTree = "<group>"; };
		E684621F1C7DAFE40028B2CF /* CanvasViewController.xib */ = {isa = PBXFileReference; fileEncoding = 4; lastKnownFileType = file.xib; path = CanvasViewController.xib; sourceTree = "<group>"; };
		E68462221C7DB0080028B2CF /* PaletteViewController.h */ = {isa = PBXFileReference; fileEncoding = 4; lastKnownFileType = sourcecode.c.h; path = PaletteViewController.h; sourceTree = "<group>"; };
		E68462231C7DB0080028B2CF /* PaletteViewController.m */ = {isa = PBXFileReference; fileEncoding = 4; lastKnownFileType = sourcecode.c.objc; path = PaletteViewController.m; sourceTree = "<group>"; };
		E68462241C7DB0080028B2CF /* PaletteViewController.xib */ = {isa = PBXFileReference; fileEncoding = 4; lastKnownFileType = file.xib; path = PaletteViewController.xib; sourceTree = "<group>"; };
		E68462281C7DB1560028B2CF /* CoordinatingViewController.h */ = {isa = PBXFileReference; fileEncoding = 4; lastKnownFileType = sourcecode.c.h; path = CoordinatingViewController.h; sourceTree = "<group>"; };
		E68462291C7DB1560028B2CF /* CoordinatingViewController.m */ = {isa = PBXFileReference; fileEncoding = 4; lastKnownFileType = sourcecode.c.objc; path = CoordinatingViewController.m; sourceTree = "<group>"; };
		E6888EDB1C8432D6007B4A88 /* ScribbleThumbnailViewImageProxy.h */ = {isa = PBXFileReference; fileEncoding = 4; lastKnownFileType = sourcecode.c.h; path = ScribbleThumbnailViewImageProxy.h; sourceTree = "<group>"; };
		E6888EDC1C8432D6007B4A88 /* ScribbleThumbnailViewImageProxy.m */ = {isa = PBXFileReference; fileEncoding = 4; lastKnownFileType = sourcecode.c.objc; path = ScribbleThumbnailViewImageProxy.m; sourceTree = "<group>"; };
		E6888EDE1C844B84007B4A88 /* ScribbleThumbnailView.h */ = {isa = PBXFileReference; fileEncoding = 4; lastKnownFileType = sourcecode.c.h; path = ScribbleThumbnailView.h; sourceTree = "<group>"; };
		E6888EDF1C844B84007B4A88 /* ScribbleThumbnailView.m */ = {isa = PBXFileReference; fileEncoding = 4; lastKnownFileType = sourcecode.c.objc; path = ScribbleThumbnailView.m; sourceTree = "<group>"; };
		E6888EE11C844CEC007B4A88 /* OpenScribbleCommand.h */ = {isa = PBXFileReference; fileEncoding = 4; lastKnownFileType = sourcecode.c.h; path = OpenScribbleCommand.h; sourceTree = "<group>"; };
		E6888EE21C844CEC007B4A88 /* OpenScribbleCommand.m */ = {isa = PBXFileReference; fileEncoding = 4; lastKnownFileType = sourcecode.c.objc; path = OpenScribbleCommand.m; sourceTree = "<group>"; };
		E6888EE41C844D81007B4A88 /* ScribbleSource.h */ = {isa = PBXFileReference; fileEncoding = 4; lastKnownFileType = sourcecode.c.h; path = ScribbleSource.h; sourceTree = "<group>"; };
		E6FEA4241C7EC7D5007F4F03 /* CanvasViewGenerator.h */ = {isa = PBXFileReference; fileEncoding = 4; lastKnownFileType = sourcecode.c.h; path = CanvasViewGenerator.h; sourceTree = "<group>"; };
		E6FEA4251C7EC7D5007F4F03 /* CanvasViewGenerator.m */ = {isa = PBXFileReference; fileEncoding = 4; lastKnownFileType = sourcecode.c.objc; path = CanvasViewGenerator.m; sourceTree = "<group>"; };
		E6FEA4271C7EC803007F4F03 /* CanvasView.h */ = {isa = PBXFileReference; fileEncoding = 4; lastKnownFileType = sourcecode.c.h; path = CanvasView.h; sourceTree = "<group>"; };
		E6FEA4281C7EC803007F4F03 /* CanvasView.m */ = {isa = PBXFileReference; fileEncoding = 4; lastKnownFileType = sourcecode.c.objc; path = CanvasView.m; sourceTree = "<group>"; };
		E6FEA42D1C7ED4C9007F4F03 /* CommandSlider.h */ = {isa = PBXFileReference; fileEncoding = 4; lastKnownFileType = sourcecode.c.h; path = CommandSlider.h; sourceTree = "<group>"; };
		E6FEA42E1C7ED4C9007F4F03 /* CommandSlider.m */ = {isa = PBXFileReference; fileEncoding = 4; lastKnownFileType = sourcecode.c.objc; path = CommandSlider.m; sourceTree = "<group>"; };
		E6FEA4301C7ED75F007F4F03 /* Command.h */ = {isa = PBXFileReference; fileEncoding = 4; lastKnownFileType = sourcecode.c.h; path = Command.h; sourceTree = "<group>"; };
		E6FEA4311C7ED75F007F4F03 /* Command.m */ = {isa = PBXFileReference; fileEncoding = 4; lastKnownFileType = sourcecode.c.objc; path = Command.m; sourceTree = "<group>"; };
		E6FEA4331C7ED89A007F4F03 /* SetStrokeColorCommand.h */ = {isa = PBXFileReference; fileEncoding = 4; lastKnownFileType = sourcecode.c.h; path = SetStrokeColorCommand.h; sourceTree = "<group>"; };
		E6FEA4341C7ED89A007F4F03 /* SetStrokeColorCommand.m */ = {isa = PBXFileReference; fileEncoding = 4; lastKnownFileType = sourcecode.c.objc; path = SetStrokeColorCommand.m; sourceTree = "<group>"; };
		E6FEA4371C7EE7AD007F4F03 /* SetStrokeSizeCommand.h */ = {isa = PBXFileReference; fileEncoding = 4; lastKnownFileType = sourcecode.c.h; path = SetStrokeSizeCommand.h; sourceTree = "<group>"; };
		E6FEA4381C7EE7AD007F4F03 /* SetStrokeSizeCommand.m */ = {isa = PBXFileReference; fileEncoding = 4; lastKnownFileType = sourcecode.c.objc; path = SetStrokeSizeCommand.m; sourceTree = "<group>"; };
		E6FEA43A1C7EF0C0007F4F03 /* Mark.h */ = {isa = PBXFileReference; fileEncoding = 4; lastKnownFileType = sourcecode.c.h; path = Mark.h; sourceTree = "<group>"; };
		E6FEA43C1C7EF0F8007F4F03 /* Dot.h */ = {isa = PBXFileReference; fileEncoding = 4; lastKnownFileType = sourcecode.c.h; path = Dot.h; sourceTree = "<group>"; };
		E6FEA43D1C7EF0F8007F4F03 /* Dot.m */ = {isa = PBXFileReference; fileEncoding = 4; lastKnownFileType = sourcecode.c.objc; path = Dot.m; sourceTree = "<group>"; };
		E6FEA43F1C7EF102007F4F03 /* Vertex.h */ = {isa = PBXFileReference; fileEncoding = 4; lastKnownFileType = sourcecode.c.h; path = Vertex.h; sourceTree = "<group>"; };
		E6FEA4401C7EF103007F4F03 /* Vertex.m */ = {isa = PBXFileReference; fileEncoding = 4; lastKnownFileType = sourcecode.c.objc; path = Vertex.m; sourceTree = "<group>"; };
		E6FEA4421C7EF11E007F4F03 /* Stroke.h */ = {isa = PBXFileReference; fileEncoding = 4; lastKnownFileType = sourcecode.c.h; path = Stroke.h; sourceTree = "<group>"; };
		E6FEA4431C7EF11E007F4F03 /* Stroke.m */ = {isa = PBXFileReference; fileEncoding = 4; lastKnownFileType = sourcecode.c.objc; path = Stroke.m; sourceTree = "<group>"; };
		E6FEA4451C7F0148007F4F03 /* MarkVisitor.h */ = {isa = PBXFileReference; fileEncoding = 4; lastKnownFileType = sourcecode.c.h; path = MarkVisitor.h; sourceTree = "<group>"; };
		E6FEA4471C7F01FD007F4F03 /* MarkRenderer.h */ = {isa = PBXFileReference; fileEncoding = 4; lastKnownFileType = sourcecode.c.h; path = MarkRenderer.h; sourceTree = "<group>"; };
		E6FEA4481C7F01FD007F4F03 /* MarkRenderer.m */ = {isa = PBXFileReference; fileEncoding = 4; lastKnownFileType = sourcecode.c.objc; path = MarkRenderer.m; sourceTree = "<group>"; };
/* End PBXFileReference section */

/* Begin PBXFrameworksBuildPhase section */
		E68461E11C7DAEFF0028B2CF /* Frameworks */ = {
			isa = PBXFrameworksBuildPhase;
			buildActionMask = 2147483647;
			files = (
			);
			runOnlyForDeploymentPostprocessing = 0;
		};
		E68461FA1C7DAEFF0028B2CF /* Frameworks */ = {
			isa = PBXFrameworksBuildPhase;
			buildActionMask = 2147483647;
			files = (
			);
			runOnlyForDeploymentPostprocessing = 0;
		};
		E68462051C7DAEFF0028B2CF /* Frameworks */ = {
			isa = PBXFrameworksBuildPhase;
			buildActionMask = 2147483647;
			files = (
			);
			runOnlyForDeploymentPostprocessing = 0;
		};
/* End PBXFrameworksBuildPhase section */

/* Begin PBXGroup section */
		0D1A05F01C818F22008E5F1C /* Memento */ = {
			isa = PBXGroup;
			children = (
				E684621A1C7DAFCD0028B2CF /* Scribble.h */,
				E684621B1C7DAFCD0028B2CF /* Scribble.m */,
				0D1A05EA1C818EF6008E5F1C /* ScribbleManager.h */,
				0D1A05EB1C818EF6008E5F1C /* ScribbleManager.m */,
				0D1A05ED1C818F1B008E5F1C /* ScribbleMemento.h */,
				0D1A05EE1C818F1B008E5F1C /* ScribbleMemento.m */,
			);
			name = Memento;
			sourceTree = "<group>";
		};
		0D1A05F11C829129008E5F1C /* View2Image */ = {
			isa = PBXGroup;
			children = (
				0D1A05F21C82917C008E5F1C /* UIView+UIImage.h */,
				0D1A05F31C82917C008E5F1C /* UIView+UIImage.m */,
			);
			name = View2Image;
			sourceTree = "<group>";
		};
		0D1A05F81C8291E7008E5F1C /* Command Button */ = {
			isa = PBXGroup;
			children = (
				E64726FF1C804A810022FB3D /* CommandBarButton.h */,
				E64727001C804A810022FB3D /* CommandBarButton.m */,
			);
			name = "Command Button";
			sourceTree = "<group>";
		};
		0D1A05F91C8291FE008E5F1C /* Command Slider */ = {
			isa = PBXGroup;
			children = (
				E6FEA42D1C7ED4C9007F4F03 /* CommandSlider.h */,
				E6FEA42E1C7ED4C9007F4F03 /* CommandSlider.m */,
			);
			name = "Command Slider";
			sourceTree = "<group>";
		};
		0D1A06031C82EBFC008E5F1C /* Thumbnail View Controller */ = {
			isa = PBXGroup;
			children = (
				0D1A06061C82EC28008E5F1C /* Scribble Thumbnail Cell */,
				0D1A05FE1C82E90D008E5F1C /* ThumbnailViewController.h */,
				0D1A05FF1C82E90D008E5F1C /* ThumbnailViewController.m */,
				0D1A06001C82E90D008E5F1C /* ThumbnailViewController.xib */,
			);
			name = "Thumbnail View Controller";
			sourceTree = "<group>";
		};
		0D1A06041C82EC0F008E5F1C /* Palette View Controller */ = {
			isa = PBXGroup;
			children = (
				E68462221C7DB0080028B2CF /* PaletteViewController.h */,
				E68462231C7DB0080028B2CF /* PaletteViewController.m */,
				E68462241C7DB0080028B2CF /* PaletteViewController.xib */,
			);
			name = "Palette View Controller";
			sourceTree = "<group>";
		};
		0D1A06051C82EC1C008E5F1C /* Canvas View Controller */ = {
			isa = PBXGroup;
			children = (
				E684621D1C7DAFE40028B2CF /* CanvasViewController.h */,
				E684621E1C7DAFE40028B2CF /* CanvasViewController.m */,
				E684621F1C7DAFE40028B2CF /* CanvasViewController.xib */,
			);
			name = "Canvas View Controller";
			sourceTree = "<group>";
		};
		0D1A06061C82EC28008E5F1C /* Scribble Thumbnail Cell */ = {
			isa = PBXGroup;
			children = (
				0D1A06071C82EC55008E5F1C /* ScribbleThumbnailCell.h */,
				0D1A06081C82EC55008E5F1C /* ScribbleThumbnailCell.m */,
			);
			name = "Scribble Thumbnail Cell";
			sourceTree = "<group>";
		};
		E64727021C804A8E0022FB3D /* Utilities */ = {
			isa = PBXGroup;
			children = (
				0D1A05F91C8291FE008E5F1C /* Command Slider */,
				0D1A05F81C8291E7008E5F1C /* Command Button */,
				0D1A05F11C829129008E5F1C /* View2Image */,
			);
			name = Utilities;
			sourceTree = "<group>";
		};
		E68461DB1C7DAEFF0028B2CF = {
			isa = PBXGroup;
			children = (
				E68461E61C7DAEFF0028B2CF /* TouchPainterOC */,
				E68462001C7DAEFF0028B2CF /* TouchPainterOCTests */,
				E684620B1C7DAEFF0028B2CF /* TouchPainterOCUITests */,
				E68461E51C7DAEFF0028B2CF /* Products */,
			);
			sourceTree = "<group>";
		};
		E68461E51C7DAEFF0028B2CF /* Products */ = {
			isa = PBXGroup;
			children = (
				E68461E41C7DAEFF0028B2CF /* TouchPainterOC.app */,
				E68461FD1C7DAEFF0028B2CF /* TouchPainterOCTests.xctest */,
				E68462081C7DAEFF0028B2CF /* TouchPainterOCUITests.xctest */,
			);
			name = Products;
			sourceTree = "<group>";
		};
		E68461E61C7DAEFF0028B2CF /* TouchPainterOC */ = {
			isa = PBXGroup;
			children = (
				E68461EA1C7DAEFF0028B2CF /* AppDelegate.h */,
				E68461EB1C7DAEFF0028B2CF /* AppDelegate.m */,
				E68462281C7DB1560028B2CF /* CoordinatingViewController.h */,
				E68462291C7DB1560028B2CF /* CoordinatingViewController.m */,
				E6FEA4241C7EC7D5007F4F03 /* CanvasViewGenerator.h */,
				E6FEA4251C7EC7D5007F4F03 /* CanvasViewGenerator.m */,
				E6FEA4271C7EC803007F4F03 /* CanvasView.h */,
				E6FEA4281C7EC803007F4F03 /* CanvasView.m */,
				E64727021C804A8E0022FB3D /* Utilities */,
				E6FEA4461C7F014D007F4F03 /* Visitor */,
				E6FEA43B1C7EF0C8007F4F03 /* Prototype */,
				E6FEA4361C7ED89E007F4F03 /* Command */,
				0D1A05F01C818F22008E5F1C /* Memento */,
				E6888EDA1C84328F007B4A88 /* Proxy */,
				E68462271C7DB00E0028B2CF /* View Controller */,
				E68461F01C7DAEFF0028B2CF /* Main.storyboard */,
				E68461F31C7DAEFF0028B2CF /* Assets.xcassets */,
				E68461F51C7DAEFF0028B2CF /* LaunchScreen.storyboard */,
				E68461F81C7DAEFF0028B2CF /* Info.plist */,
				E68461E71C7DAEFF0028B2CF /* Supporting Files */,
			);
			path = TouchPainterOC;
			sourceTree = "<group>";
		};
		E68461E71C7DAEFF0028B2CF /* Supporting Files */ = {
			isa = PBXGroup;
			children = (
				E68461E81C7DAEFF0028B2CF /* main.m */,
			);
			name = "Supporting Files";
			sourceTree = "<group>";
		};
		E68462001C7DAEFF0028B2CF /* TouchPainterOCTests */ = {
			isa = PBXGroup;
			children = (
				E68462011C7DAEFF0028B2CF /* TouchPainterOCTests.m */,
				E68462031C7DAEFF0028B2CF /* Info.plist */,
			);
			path = TouchPainterOCTests;
			sourceTree = "<group>";
		};
		E684620B1C7DAEFF0028B2CF /* TouchPainterOCUITests */ = {
			isa = PBXGroup;
			children = (
				E684620C1C7DAEFF0028B2CF /* TouchPainterOCUITests.m */,
				E684620E1C7DAEFF0028B2CF /* Info.plist */,
			);
			path = TouchPainterOCUITests;
			sourceTree = "<group>";
		};
		E68462271C7DB00E0028B2CF /* View Controller */ = {
			isa = PBXGroup;
			children = (
				0D1A06051C82EC1C008E5F1C /* Canvas View Controller */,
				0D1A06041C82EC0F008E5F1C /* Palette View Controller */,
				0D1A06031C82EBFC008E5F1C /* Thumbnail View Controller */,
			);
			name = "View Controller";
			sourceTree = "<group>";
		};
		E6888EDA1C84328F007B4A88 /* Proxy */ = {
			isa = PBXGroup;
			children = (
				E6888EDB1C8432D6007B4A88 /* ScribbleThumbnailViewImageProxy.h */,
				E6888EDC1C8432D6007B4A88 /* ScribbleThumbnailViewImageProxy.m */,
				E6888EDE1C844B84007B4A88 /* ScribbleThumbnailView.h */,
				E6888EDF1C844B84007B4A88 /* ScribbleThumbnailView.m */,
				E6888EE41C844D81007B4A88 /* ScribbleSource.h */,
			);
			name = Proxy;
			sourceTree = "<group>";
		};
		E6FEA4361C7ED89E007F4F03 /* Command */ = {
			isa = PBXGroup;
			children = (
				E6FEA4301C7ED75F007F4F03 /* Command.h */,
				E6FEA4311C7ED75F007F4F03 /* Command.m */,
				E6FEA4331C7ED89A007F4F03 /* SetStrokeColorCommand.h */,
				E6FEA4341C7ED89A007F4F03 /* SetStrokeColorCommand.m */,
				E6FEA4371C7EE7AD007F4F03 /* SetStrokeSizeCommand.h */,
				E6FEA4381C7EE7AD007F4F03 /* SetStrokeSizeCommand.m */,
				E64727031C804B070022FB3D /* SaveScribbleCommand.h */,
				E64727041C804B070022FB3D /* SaveScribbleCommand.m */,
				E64727061C804B140022FB3D /* DeleteScribbleCommand.h */,
				E64727071C804B140022FB3D /* DeleteScribbleCommand.m */,
				E6888EE11C844CEC007B4A88 /* OpenScribbleCommand.h */,
				E6888EE21C844CEC007B4A88 /* OpenScribbleCommand.m */,
			);
			name = Command;
			sourceTree = "<group>";
		};
		E6FEA43B1C7EF0C8007F4F03 /* Prototype */ = {
			isa = PBXGroup;
			children = (
				E6FEA43A1C7EF0C0007F4F03 /* Mark.h */,
				E6FEA43C1C7EF0F8007F4F03 /* Dot.h */,
				E6FEA43D1C7EF0F8007F4F03 /* Dot.m */,
				E6FEA43F1C7EF102007F4F03 /* Vertex.h */,
				E6FEA4401C7EF103007F4F03 /* Vertex.m */,
				E6FEA4421C7EF11E007F4F03 /* Stroke.h */,
				E6FEA4431C7EF11E007F4F03 /* Stroke.m */,
			);
			name = Prototype;
			sourceTree = "<group>";
		};
		E6FEA4461C7F014D007F4F03 /* Visitor */ = {
			isa = PBXGroup;
			children = (
				E6FEA4451C7F0148007F4F03 /* MarkVisitor.h */,
				E6FEA4471C7F01FD007F4F03 /* MarkRenderer.h */,
				E6FEA4481C7F01FD007F4F03 /* MarkRenderer.m */,
			);
			name = Visitor;
			sourceTree = "<group>";
		};
/* End PBXGroup section */

/* Begin PBXNativeTarget section */
		E68461E31C7DAEFF0028B2CF /* TouchPainterOC */ = {
			isa = PBXNativeTarget;
			buildConfigurationList = E68462111C7DAEFF0028B2CF /* Build configuration list for PBXNativeTarget "TouchPainterOC" */;
			buildPhases = (
				E68461E01C7DAEFF0028B2CF /* Sources */,
				E68461E11C7DAEFF0028B2CF /* Frameworks */,
				E68461E21C7DAEFF0028B2CF /* Resources */,
			);
			buildRules = (
			);
			dependencies = (
			);
			name = TouchPainterOC;
			productName = TouchPainterOC;
			productReference = E68461E41C7DAEFF0028B2CF /* TouchPainterOC.app */;
			productType = "com.apple.product-type.application";
		};
		E68461FC1C7DAEFF0028B2CF /* TouchPainterOCTests */ = {
			isa = PBXNativeTarget;
			buildConfigurationList = E68462141C7DAEFF0028B2CF /* Build configuration list for PBXNativeTarget "TouchPainterOCTests" */;
			buildPhases = (
				E68461F91C7DAEFF0028B2CF /* Sources */,
				E68461FA1C7DAEFF0028B2CF /* Frameworks */,
				E68461FB1C7DAEFF0028B2CF /* Resources */,
			);
			buildRules = (
			);
			dependencies = (
				E68461FF1C7DAEFF0028B2CF /* PBXTargetDependency */,
			);
			name = TouchPainterOCTests;
			productName = TouchPainterOCTests;
			productReference = E68461FD1C7DAEFF0028B2CF /* TouchPainterOCTests.xctest */;
			productType = "com.apple.product-type.bundle.unit-test";
		};
		E68462071C7DAEFF0028B2CF /* TouchPainterOCUITests */ = {
			isa = PBXNativeTarget;
			buildConfigurationList = E68462171C7DAEFF0028B2CF /* Build configuration list for PBXNativeTarget "TouchPainterOCUITests" */;
			buildPhases = (
				E68462041C7DAEFF0028B2CF /* Sources */,
				E68462051C7DAEFF0028B2CF /* Frameworks */,
				E68462061C7DAEFF0028B2CF /* Resources */,
			);
			buildRules = (
			);
			dependencies = (
				E684620A1C7DAEFF0028B2CF /* PBXTargetDependency */,
			);
			name = TouchPainterOCUITests;
			productName = TouchPainterOCUITests;
			productReference = E68462081C7DAEFF0028B2CF /* TouchPainterOCUITests.xctest */;
			productType = "com.apple.product-type.bundle.ui-testing";
		};
/* End PBXNativeTarget section */

/* Begin PBXProject section */
		E68461DC1C7DAEFF0028B2CF /* Project object */ = {
			isa = PBXProject;
			attributes = {
				LastUpgradeCheck = 0720;
				ORGANIZATIONNAME = "Pan Meng";
				TargetAttributes = {
					E68461E31C7DAEFF0028B2CF = {
						CreatedOnToolsVersion = 7.2.1;
						DevelopmentTeam = C46AC59JC9;
					};
					E68461FC1C7DAEFF0028B2CF = {
						CreatedOnToolsVersion = 7.2.1;
						DevelopmentTeam = C46AC59JC9;
						TestTargetID = E68461E31C7DAEFF0028B2CF;
					};
					E68462071C7DAEFF0028B2CF = {
						CreatedOnToolsVersion = 7.2.1;
						DevelopmentTeam = C46AC59JC9;
						TestTargetID = E68461E31C7DAEFF0028B2CF;
					};
				};
			};
			buildConfigurationList = E68461DF1C7DAEFF0028B2CF /* Build configuration list for PBXProject "TouchPainterOC" */;
			compatibilityVersion = "Xcode 3.2";
			developmentRegion = English;
			hasScannedForEncodings = 0;
			knownRegions = (
				en,
				Base,
			);
			mainGroup = E68461DB1C7DAEFF0028B2CF;
			productRefGroup = E68461E51C7DAEFF0028B2CF /* Products */;
			projectDirPath = "";
			projectRoot = "";
			targets = (
				E68461E31C7DAEFF0028B2CF /* TouchPainterOC */,
				E68461FC1C7DAEFF0028B2CF /* TouchPainterOCTests */,
				E68462071C7DAEFF0028B2CF /* TouchPainterOCUITests */,
			);
		};
/* End PBXProject section */

/* Begin PBXResourcesBuildPhase section */
		E68461E21C7DAEFF0028B2CF /* Resources */ = {
			isa = PBXResourcesBuildPhase;
			buildActionMask = 2147483647;
			files = (
				E68462211C7DAFE40028B2CF /* CanvasViewController.xib in Resources */,
				E68461F71C7DAEFF0028B2CF /* LaunchScreen.storyboard in Resources */,
				E68461F41C7DAEFF0028B2CF /* Assets.xcassets in Resources */,
				E68462261C7DB0080028B2CF /* PaletteViewController.xib in Resources */,
				E68461F21C7DAEFF0028B2CF /* Main.storyboard in Resources */,
				0D1A06021C82E90D008E5F1C /* ThumbnailViewController.xib in Resources */,
			);
			runOnlyForDeploymentPostprocessing = 0;
		};
		E68461FB1C7DAEFF0028B2CF /* Resources */ = {
			isa = PBXResourcesBuildPhase;
			buildActionMask = 2147483647;
			files = (
			);
			runOnlyForDeploymentPostprocessing = 0;
		};
		E68462061C7DAEFF0028B2CF /* Resources */ = {
			isa = PBXResourcesBuildPhase;
			buildActionMask = 2147483647;
			files = (
			);
			runOnlyForDeploymentPostprocessing = 0;
		};
/* End PBXResourcesBuildPhase section */

/* Begin PBXSourcesBuildPhase section */
		E68461E01C7DAEFF0028B2CF /* Sources */ = {
			isa = PBXSourcesBuildPhase;
			buildActionMask = 2147483647;
			files = (
				E68462251C7DB0080028B2CF /* PaletteViewController.m in Sources */,
				E6FEA4411C7EF103007F4F03 /* Vertex.m in Sources */,
				E6FEA43E1C7EF0F8007F4F03 /* Dot.m in Sources */,
				E68461EC1C7DAEFF0028B2CF /* AppDelegate.m in Sources */,
				0D1A06091C82EC55008E5F1C /* ScribbleThumbnailCell.m in Sources */,
				E6888EE01C844B84007B4A88 /* ScribbleThumbnailView.m in Sources */,
				0D1A05F41C82917C008E5F1C /* UIView+UIImage.m in Sources */,
				E68462201C7DAFE40028B2CF /* CanvasViewController.m in Sources */,
				E64727011C804A810022FB3D /* CommandBarButton.m in Sources */,
				E6FEA4391C7EE7AD007F4F03 /* SetStrokeSizeCommand.m in Sources */,
				0D1A06011C82E90D008E5F1C /* ThumbnailViewController.m in Sources */,
				E684622A1C7DB1560028B2CF /* CoordinatingViewController.m in Sources */,
				E68461E91C7DAEFF0028B2CF /* main.m in Sources */,
				E6FEA42F1C7ED4C9007F4F03 /* CommandSlider.m in Sources */,
				E64727081C804B140022FB3D /* DeleteScribbleCommand.m in Sources */,
				E6888EE31C844CEC007B4A88 /* OpenScribbleCommand.m in Sources */,
				E684621C1C7DAFCD0028B2CF /* Scribble.m in Sources */,
				E6FEA4291C7EC803007F4F03 /* CanvasView.m in Sources */,
				0D1A05EC1C818EF6008E5F1C /* ScribbleManager.m in Sources */,
				E6FEA4491C7F01FD007F4F03 /* MarkRenderer.m in Sources */,
				E6FEA4441C7EF11E007F4F03 /* Stroke.m in Sources */,
				E64727051C804B070022FB3D /* SaveScribbleCommand.m in Sources */,
				E6FEA4261C7EC7D5007F4F03 /* CanvasViewGenerator.m in Sources */,
				E6FEA4351C7ED89A007F4F03 /* SetStrokeColorCommand.m in Sources */,
				E6FEA4321C7ED75F007F4F03 /* Command.m in Sources */,
				E6888EDD1C8432D6007B4A88 /* ScribbleThumbnailViewImageProxy.m in Sources */,
				0D1A05EF1C818F1B008E5F1C /* ScribbleMemento.m in Sources */,
			);
			runOnlyForDeploymentPostprocessing = 0;
		};
		E68461F91C7DAEFF0028B2CF /* Sources */ = {
			isa = PBXSourcesBuildPhase;
			buildActionMask = 2147483647;
			files = (
				E68462021C7DAEFF0028B2CF /* TouchPainterOCTests.m in Sources */,
			);
			runOnlyForDeploymentPostprocessing = 0;
		};
		E68462041C7DAEFF0028B2CF /* Sources */ = {
			isa = PBXSourcesBuildPhase;
			buildActionMask = 2147483647;
			files = (
				E684620D1C7DAEFF0028B2CF /* TouchPainterOCUITests.m in Sources */,
			);
			runOnlyForDeploymentPostprocessing = 0;
		};
/* End PBXSourcesBuildPhase section */

/* Begin PBXTargetDependency section */
		E68461FF1C7DAEFF0028B2CF /* PBXTargetDependency */ = {
			isa = PBXTargetDependency;
			target = E68461E31C7DAEFF0028B2CF /* TouchPainterOC */;
			targetProxy = E68461FE1C7DAEFF0028B2CF /* PBXContainerItemProxy */;
		};
		E684620A1C7DAEFF0028B2CF /* PBXTargetDependency */ = {
			isa = PBXTargetDependency;
			target = E68461E31C7DAEFF0028B2CF /* TouchPainterOC */;
			targetProxy = E68462091C7DAEFF0028B2CF /* PBXContainerItemProxy */;
		};
/* End PBXTargetDependency section */

/* Begin PBXVariantGroup section */
		E68461F01C7DAEFF0028B2CF /* Main.storyboard */ = {
			isa = PBXVariantGroup;
			children = (
				E68461F11C7DAEFF0028B2CF /* Base */,
			);
			name = Main.storyboard;
			sourceTree = "<group>";
		};
		E68461F51C7DAEFF0028B2CF /* LaunchScreen.storyboard */ = {
			isa = PBXVariantGroup;
			children = (
				E68461F61C7DAEFF0028B2CF /* Base */,
			);
			name = LaunchScreen.storyboard;
			sourceTree = "<group>";
		};
/* End PBXVariantGroup section */

/* Begin XCBuildConfiguration section */
		E684620F1C7DAEFF0028B2CF /* Debug */ = {
			isa = XCBuildConfiguration;
			buildSettings = {
				ALWAYS_SEARCH_USER_PATHS = NO;
				CLANG_CXX_LANGUAGE_STANDARD = "gnu++0x";
				CLANG_CXX_LIBRARY = "libc++";
				CLANG_ENABLE_MODULES = YES;
				CLANG_ENABLE_OBJC_ARC = YES;
				CLANG_WARN_BOOL_CONVERSION = YES;
				CLANG_WARN_CONSTANT_CONVERSION = YES;
				CLANG_WARN_DIRECT_OBJC_ISA_USAGE = YES_ERROR;
				CLANG_WARN_EMPTY_BODY = YES;
				CLANG_WARN_ENUM_CONVERSION = YES;
				CLANG_WARN_INT_CONVERSION = YES;
				CLANG_WARN_OBJC_ROOT_CLASS = YES_ERROR;
				CLANG_WARN_UNREACHABLE_CODE = YES;
				CLANG_WARN__DUPLICATE_METHOD_MATCH = YES;
				"CODE_SIGN_IDENTITY[sdk=iphoneos*]" = "iPhone Developer";
				COPY_PHASE_STRIP = NO;
				DEBUG_INFORMATION_FORMAT = dwarf;
				ENABLE_STRICT_OBJC_MSGSEND = YES;
				ENABLE_TESTABILITY = YES;
				GCC_C_LANGUAGE_STANDARD = gnu99;
				GCC_DYNAMIC_NO_PIC = NO;
				GCC_NO_COMMON_BLOCKS = YES;
				GCC_OPTIMIZATION_LEVEL = 0;
				GCC_PREPROCESSOR_DEFINITIONS = (
					"DEBUG=1",
					"$(inherited)",
				);
				GCC_WARN_64_TO_32_BIT_CONVERSION = YES;
				GCC_WARN_ABOUT_RETURN_TYPE = YES_ERROR;
				GCC_WARN_UNDECLARED_SELECTOR = YES;
				GCC_WARN_UNINITIALIZED_AUTOS = YES_AGGRESSIVE;
				GCC_WARN_UNUSED_FUNCTION = YES;
				GCC_WARN_UNUSED_VARIABLE = YES;
				IPHONEOS_DEPLOYMENT_TARGET = 9.2;
				MTL_ENABLE_DEBUG_INFO = YES;
				ONLY_ACTIVE_ARCH = YES;
				SDKROOT = iphoneos;
			};
			name = Debug;
		};
		E68462101C7DAEFF0028B2CF /* Release */ = {
			isa = XCBuildConfiguration;
			buildSettings = {
				ALWAYS_SEARCH_USER_PATHS = NO;
				CLANG_CXX_LANGUAGE_STANDARD = "gnu++0x";
				CLANG_CXX_LIBRARY = "libc++";
				CLANG_ENABLE_MODULES = YES;
				CLANG_ENABLE_OBJC_ARC = YES;
				CLANG_WARN_BOOL_CONVERSION = YES;
				CLANG_WARN_CONSTANT_CONVERSION = YES;
				CLANG_WARN_DIRECT_OBJC_ISA_USAGE = YES_ERROR;
				CLANG_WARN_EMPTY_BODY = YES;
				CLANG_WARN_ENUM_CONVERSION = YES;
				CLANG_WARN_INT_CONVERSION = YES;
				CLANG_WARN_OBJC_ROOT_CLASS = YES_ERROR;
				CLANG_WARN_UNREACHABLE_CODE = YES;
				CLANG_WARN__DUPLICATE_METHOD_MATCH = YES;
				"CODE_SIGN_IDENTITY[sdk=iphoneos*]" = "iPhone Developer";
				COPY_PHASE_STRIP = NO;
				DEBUG_INFORMATION_FORMAT = "dwarf-with-dsym";
				ENABLE_NS_ASSERTIONS = NO;
				ENABLE_STRICT_OBJC_MSGSEND = YES;
				GCC_C_LANGUAGE_STANDARD = gnu99;
				GCC_NO_COMMON_BLOCKS = YES;
				GCC_WARN_64_TO_32_BIT_CONVERSION = YES;
				GCC_WARN_ABOUT_RETURN_TYPE = YES_ERROR;
				GCC_WARN_UNDECLARED_SELECTOR = YES;
				GCC_WARN_UNINITIALIZED_AUTOS = YES_AGGRESSIVE;
				GCC_WARN_UNUSED_FUNCTION = YES;
				GCC_WARN_UNUSED_VARIABLE = YES;
				IPHONEOS_DEPLOYMENT_TARGET = 9.2;
				MTL_ENABLE_DEBUG_INFO = NO;
				SDKROOT = iphoneos;
				VALIDATE_PRODUCT = YES;
			};
			name = Release;
		};
		E68462121C7DAEFF0028B2CF /* Debug */ = {
			isa = XCBuildConfiguration;
			buildSettings = {
				ASSETCATALOG_COMPILER_APPICON_NAME = AppIcon;
				INFOPLIST_FILE = TouchPainterOC/Info.plist;
				LD_RUNPATH_SEARCH_PATHS = "$(inherited) @executable_path/Frameworks";
				PRODUCT_BUNDLE_IDENTIFIER = Mia.TouchPainterOC;
				PRODUCT_NAME = "$(TARGET_NAME)";
			};
			name = Debug;
		};
		E68462131C7DAEFF0028B2CF /* Release */ = {
			isa = XCBuildConfiguration;
			buildSettings = {
				ASSETCATALOG_COMPILER_APPICON_NAME = AppIcon;
				INFOPLIST_FILE = TouchPainterOC/Info.plist;
				LD_RUNPATH_SEARCH_PATHS = "$(inherited) @executable_path/Frameworks";
				PRODUCT_BUNDLE_IDENTIFIER = Mia.TouchPainterOC;
				PRODUCT_NAME = "$(TARGET_NAME)";
			};
			name = Release;
		};
		E68462151C7DAEFF0028B2CF /* Debug */ = {
			isa = XCBuildConfiguration;
			buildSettings = {
				BUNDLE_LOADER = "$(TEST_HOST)";
				INFOPLIST_FILE = TouchPainterOCTests/Info.plist;
				LD_RUNPATH_SEARCH_PATHS = "$(inherited) @executable_path/Frameworks @loader_path/Frameworks";
				PRODUCT_BUNDLE_IDENTIFIER = Mia.TouchPainterOCTests;
				PRODUCT_NAME = "$(TARGET_NAME)";
				TEST_HOST = "$(BUILT_PRODUCTS_DIR)/TouchPainterOC.app/TouchPainterOC";
			};
			name = Debug;
		};
		E68462161C7DAEFF0028B2CF /* Release */ = {
			isa = XCBuildConfiguration;
			buildSettings = {
				BUNDLE_LOADER = "$(TEST_HOST)";
				INFOPLIST_FILE = TouchPainterOCTests/Info.plist;
				LD_RUNPATH_SEARCH_PATHS = "$(inherited) @executable_path/Frameworks @loader_path/Frameworks";
				PRODUCT_BUNDLE_IDENTIFIER = Mia.TouchPainterOCTests;
				PRODUCT_NAME = "$(TARGET_NAME)";
				TEST_HOST = "$(BUILT_PRODUCTS_DIR)/TouchPainterOC.app/TouchPainterOC";
			};
			name = Release;
		};
		E68462181C7DAEFF0028B2CF /* Debug */ = {
			isa = XCBuildConfiguration;
			buildSettings = {
				INFOPLIST_FILE = TouchPainterOCUITests/Info.plist;
				LD_RUNPATH_SEARCH_PATHS = "$(inherited) @executable_path/Frameworks @loader_path/Frameworks";
				PRODUCT_BUNDLE_IDENTIFIER = Mia.TouchPainterOCUITests;
				PRODUCT_NAME = "$(TARGET_NAME)";
				TEST_TARGET_NAME = TouchPainterOC;
				USES_XCTRUNNER = YES;
			};
			name = Debug;
		};
		E68462191C7DAEFF0028B2CF /* Release */ = {
			isa = XCBuildConfiguration;
			buildSettings = {
				INFOPLIST_FILE = TouchPainterOCUITests/Info.plist;
				LD_RUNPATH_SEARCH_PATHS = "$(inherited) @executable_path/Frameworks @loader_path/Frameworks";
				PRODUCT_BUNDLE_IDENTIFIER = Mia.TouchPainterOCUITests;
				PRODUCT_NAME = "$(TARGET_NAME)";
				TEST_TARGET_NAME = TouchPainterOC;
				USES_XCTRUNNER = YES;
			};
			name = Release;
		};
/* End XCBuildConfiguration section */

/* Begin XCConfigurationList section */
		E68461DF1C7DAEFF0028B2CF /* Build configuration list for PBXProject "TouchPainterOC" */ = {
			isa = XCConfigurationList;
			buildConfigurations = (
				E684620F1C7DAEFF0028B2CF /* Debug */,
				E68462101C7DAEFF0028B2CF /* Release */,
			);
			defaultConfigurationIsVisible = 0;
			defaultConfigurationName = Release;
		};
		E68462111C7DAEFF0028B2CF /* Build configuration list for PBXNativeTarget "TouchPainterOC" */ = {
			isa = XCConfigurationList;
			buildConfigurations = (
				E68462121C7DAEFF0028B2CF /* Debug */,
				E68462131C7DAEFF0028B2CF /* Release */,
			);
			defaultConfigurationIsVisible = 0;
			defaultConfigurationName = Release;
		};
		E68462141C7DAEFF0028B2CF /* Build configuration list for PBXNativeTarget "TouchPainterOCTests" */ = {
			isa = XCConfigurationList;
			buildConfigurations = (
				E68462151C7DAEFF0028B2CF /* Debug */,
				E68462161C7DAEFF0028B2CF /* Release */,
			);
			defaultConfigurationIsVisible = 0;
			defaultConfigurationName = Release;
		};
		E68462171C7DAEFF0028B2CF /* Build configuration list for PBXNativeTarget "TouchPainterOCUITests" */ = {
			isa = XCConfigurationList;
			buildConfigurations = (
				E68462181C7DAEFF0028B2CF /* Debug */,
				E68462191C7DAEFF0028B2CF /* Release */,
			);
			defaultConfigurationIsVisible = 0;
			defaultConfigurationName = Release;
		};
/* End XCConfigurationList section */
	};
	rootObject = E68461DC1C7DAEFF0028B2CF /* Project object */;
}
